
Microsoft Visual Studio Solution File, Format Version 12.00
Project("{FAE04EC0-301F-11D3-BF4B-00C04F79EFBC}") = "ConsoleApp_2", "Boolean_App\ConsoleApp_2\ConsoleApp_2.csproj", "{1D6BD3AB-982C-4EB2-A201-CAB3E9019B38}"
EndProject
Project("{FAE04EC0-301F-11D3-BF4B-00C04F79EFBC}") = "ConsoleApp_3", "Boolean_App\ConsoleApp_3\ConsoleApp_3.csproj", "{8CDFD5D1-2A89-42F6-ACF4-2D2D1505E1EB}"
EndProject
Project("{FAE04EC0-301F-11D3-BF4B-00C04F79EFBC}") = "ConsoleApp_4", "Boolean_App\ConsoleApp_4\ConsoleApp_4.csproj", "{F0FBD520-724D-4B1A-B5BD-90BB95AF417A}"
EndProject
Project("{FAE04EC0-301F-11D3-BF4B-00C04F79EFBC}") = "ConsoleApp_6", "Boolean_App\ConsoleApp_6\ConsoleApp_6.csproj", "{46E5CE43-093E-49D7-B7A1-A467DED341E0}"
EndProject
Project("{FAE04EC0-301F-11D3-BF4B-00C04F79EFBC}") = "ConsoleApp_1", "Boolean_App\ConsoleApp_1\ConsoleApp_1.csproj", "{096A6100-E9AF-475E-B0FE-BF4D7748F6AD}"
EndProject
Project("{FAE04EC0-301F-11D3-BF4B-00C04F79EFBC}") = "ConsoleApp_7", "Boolean_App\ConsoleApp_7\ConsoleApp_7.csproj", "{730B7518-AFC4-4B0B-A43A-B02B9B943EAE}"
EndProject
Project("{FAE04EC0-301F-11D3-BF4B-00C04F79EFBC}") = "ConsoleApp_8", "Boolean_App\ConsoleApp_8\ConsoleApp_8.csproj", "{C675811A-720C-4CE7-A9B3-704E3FCF0AD9}"
EndProject
Project("{FAE04EC0-301F-11D3-BF4B-00C04F79EFBC}") = "ConsoleApp_9", "Boolean_App\ConsoleApp_9\ConsoleApp_9.csproj", "{7FF9E7E9-A645-4D19-9FD9-E5DB957F241E}"
EndProject
Project("{FAE04EC0-301F-11D3-BF4B-00C04F79EFBC}") = "ConsoleApp_10", "Boolean_App\ConsoleApp_10\ConsoleApp_10.csproj", "{BE40E610-5760-4550-9F73-6664EC0D9C55}"
EndProject
Project("{FAE04EC0-301F-11D3-BF4B-00C04F79EFBC}") = "ConsoleApp_11", "Boolean_App\ConsoleApp_11\ConsoleApp_11.csproj", "{CC5AE87F-289D-4A97-B346-71040827BA96}"
EndProject
Project("{FAE04EC0-301F-11D3-BF4B-00C04F79EFBC}") = "ConsoleApp_12", "Boolean_App\ConsoleApp_12\ConsoleApp_12.csproj", "{A6F27576-C139-4AF7-8607-8F34257E0E92}"
EndProject
Project("{FAE04EC0-301F-11D3-BF4B-00C04F79EFBC}") = "ConsoleApp_13", "Boolean_App\ConsoleApp_13\ConsoleApp_13.csproj", "{4B19CF9A-EF6E-475F-A466-A1ADAA060009}"
EndProject
Project("{FAE04EC0-301F-11D3-BF4B-00C04F79EFBC}") = "ConsoleApp_14", "Boolean_App\ConsoleApp_14\ConsoleApp_14.csproj", "{8CD301B4-603C-4C39-9D26-5293AEFB7F53}"
EndProject
Project("{FAE04EC0-301F-11D3-BF4B-00C04F79EFBC}") = "ConsoleApp_15", "Boolean_App\ConsoleApp_15\ConsoleApp_15.csproj", "{644B41D5-7AA1-4A3A-B095-08B891B0CBC3}"
EndProject
Project("{FAE04EC0-301F-11D3-BF4B-00C04F79EFBC}") = "ConsoleApp_16", "Boolean_App\ConsoleApp_16\ConsoleApp_16.csproj", "{84EC3BF7-5F44-4DC8-AE9C-C7E52660FE23}"
EndProject
Project("{FAE04EC0-301F-11D3-BF4B-00C04F79EFBC}") = "ConsoleApp_17", "Boolean_App\ConsoleApp_17\ConsoleApp_17.csproj", "{3EEE4887-3722-4FB2-9272-20593B5D9991}"
EndProject
Project("{FAE04EC0-301F-11D3-BF4B-00C04F79EFBC}") = "ConsoleApp_18", "Boolean_App\ConsoleApp_18\ConsoleApp_18.csproj", "{8082F9F3-7492-461C-8280-594AC851B2F6}"
EndProject
Project("{FAE04EC0-301F-11D3-BF4B-00C04F79EFBC}") = "ConsoleApp_19", "Boolean_App\ConsoleApp_19\ConsoleApp_19.csproj", "{48B2976F-7DA0-4F70-BA69-67E24355E059}"
EndProject
Global
	GlobalSection(SolutionConfigurationPlatforms) = preSolution
		Debug|Any CPU = Debug|Any CPU
		Release|Any CPU = Release|Any CPU
	EndGlobalSection
	GlobalSection(ProjectConfigurationPlatforms) = postSolution
		{1D6BD3AB-982C-4EB2-A201-CAB3E9019B38}.Debug|Any CPU.ActiveCfg = Debug|Any CPU
		{1D6BD3AB-982C-4EB2-A201-CAB3E9019B38}.Debug|Any CPU.Build.0 = Debug|Any CPU
		{1D6BD3AB-982C-4EB2-A201-CAB3E9019B38}.Release|Any CPU.ActiveCfg = Release|Any CPU
		{1D6BD3AB-982C-4EB2-A201-CAB3E9019B38}.Release|Any CPU.Build.0 = Release|Any CPU
		{8CDFD5D1-2A89-42F6-ACF4-2D2D1505E1EB}.Debug|Any CPU.ActiveCfg = Debug|Any CPU
		{8CDFD5D1-2A89-42F6-ACF4-2D2D1505E1EB}.Debug|Any CPU.Build.0 = Debug|Any CPU
		{8CDFD5D1-2A89-42F6-ACF4-2D2D1505E1EB}.Release|Any CPU.ActiveCfg = Release|Any CPU
		{8CDFD5D1-2A89-42F6-ACF4-2D2D1505E1EB}.Release|Any CPU.Build.0 = Release|Any CPU
		{F0FBD520-724D-4B1A-B5BD-90BB95AF417A}.Debug|Any CPU.ActiveCfg = Debug|Any CPU
		{F0FBD520-724D-4B1A-B5BD-90BB95AF417A}.Debug|Any CPU.Build.0 = Debug|Any CPU
		{F0FBD520-724D-4B1A-B5BD-90BB95AF417A}.Release|Any CPU.ActiveCfg = Release|Any CPU
		{F0FBD520-724D-4B1A-B5BD-90BB95AF417A}.Release|Any CPU.Build.0 = Release|Any CPU
		{46E5CE43-093E-49D7-B7A1-A467DED341E0}.Debug|Any CPU.ActiveCfg = Debug|Any CPU
		{46E5CE43-093E-49D7-B7A1-A467DED341E0}.Debug|Any CPU.Build.0 = Debug|Any CPU
		{46E5CE43-093E-49D7-B7A1-A467DED341E0}.Release|Any CPU.ActiveCfg = Release|Any CPU
		{46E5CE43-093E-49D7-B7A1-A467DED341E0}.Release|Any CPU.Build.0 = Release|Any CPU
		{096A6100-E9AF-475E-B0FE-BF4D7748F6AD}.Debug|Any CPU.ActiveCfg = Debug|Any CPU
		{096A6100-E9AF-475E-B0FE-BF4D7748F6AD}.Debug|Any CPU.Build.0 = Debug|Any CPU
		{096A6100-E9AF-475E-B0FE-BF4D7748F6AD}.Release|Any CPU.ActiveCfg = Release|Any CPU
		{096A6100-E9AF-475E-B0FE-BF4D7748F6AD}.Release|Any CPU.Build.0 = Release|Any CPU
		{730B7518-AFC4-4B0B-A43A-B02B9B943EAE}.Debug|Any CPU.ActiveCfg = Debug|Any CPU
		{730B7518-AFC4-4B0B-A43A-B02B9B943EAE}.Debug|Any CPU.Build.0 = Debug|Any CPU
		{730B7518-AFC4-4B0B-A43A-B02B9B943EAE}.Release|Any CPU.ActiveCfg = Release|Any CPU
		{730B7518-AFC4-4B0B-A43A-B02B9B943EAE}.Release|Any CPU.Build.0 = Release|Any CPU
		{C675811A-720C-4CE7-A9B3-704E3FCF0AD9}.Debug|Any CPU.ActiveCfg = Debug|Any CPU
		{C675811A-720C-4CE7-A9B3-704E3FCF0AD9}.Debug|Any CPU.Build.0 = Debug|Any CPU
		{C675811A-720C-4CE7-A9B3-704E3FCF0AD9}.Release|Any CPU.ActiveCfg = Release|Any CPU
		{C675811A-720C-4CE7-A9B3-704E3FCF0AD9}.Release|Any CPU.Build.0 = Release|Any CPU
		{7FF9E7E9-A645-4D19-9FD9-E5DB957F241E}.Debug|Any CPU.ActiveCfg = Debug|Any CPU
		{7FF9E7E9-A645-4D19-9FD9-E5DB957F241E}.Debug|Any CPU.Build.0 = Debug|Any CPU
		{7FF9E7E9-A645-4D19-9FD9-E5DB957F241E}.Release|Any CPU.ActiveCfg = Release|Any CPU
		{7FF9E7E9-A645-4D19-9FD9-E5DB957F241E}.Release|Any CPU.Build.0 = Release|Any CPU
		{BE40E610-5760-4550-9F73-6664EC0D9C55}.Debug|Any CPU.ActiveCfg = Debug|Any CPU
		{BE40E610-5760-4550-9F73-6664EC0D9C55}.Debug|Any CPU.Build.0 = Debug|Any CPU
		{BE40E610-5760-4550-9F73-6664EC0D9C55}.Release|Any CPU.ActiveCfg = Release|Any CPU
		{BE40E610-5760-4550-9F73-6664EC0D9C55}.Release|Any CPU.Build.0 = Release|Any CPU
		{CC5AE87F-289D-4A97-B346-71040827BA96}.Debug|Any CPU.ActiveCfg = Debug|Any CPU
		{CC5AE87F-289D-4A97-B346-71040827BA96}.Debug|Any CPU.Build.0 = Debug|Any CPU
		{CC5AE87F-289D-4A97-B346-71040827BA96}.Release|Any CPU.ActiveCfg = Release|Any CPU
		{CC5AE87F-289D-4A97-B346-71040827BA96}.Release|Any CPU.Build.0 = Release|Any CPU
		{A6F27576-C139-4AF7-8607-8F34257E0E92}.Debug|Any CPU.ActiveCfg = Debug|Any CPU
		{A6F27576-C139-4AF7-8607-8F34257E0E92}.Debug|Any CPU.Build.0 = Debug|Any CPU
		{A6F27576-C139-4AF7-8607-8F34257E0E92}.Release|Any CPU.ActiveCfg = Release|Any CPU
		{A6F27576-C139-4AF7-8607-8F34257E0E92}.Release|Any CPU.Build.0 = Release|Any CPU
		{4B19CF9A-EF6E-475F-A466-A1ADAA060009}.Debug|Any CPU.ActiveCfg = Debug|Any CPU
		{4B19CF9A-EF6E-475F-A466-A1ADAA060009}.Debug|Any CPU.Build.0 = Debug|Any CPU
		{4B19CF9A-EF6E-475F-A466-A1ADAA060009}.Release|Any CPU.ActiveCfg = Release|Any CPU
		{4B19CF9A-EF6E-475F-A466-A1ADAA060009}.Release|Any CPU.Build.0 = Release|Any CPU
		{8CD301B4-603C-4C39-9D26-5293AEFB7F53}.Debug|Any CPU.ActiveCfg = Debug|Any CPU
		{8CD301B4-603C-4C39-9D26-5293AEFB7F53}.Debug|Any CPU.Build.0 = Debug|Any CPU
		{8CD301B4-603C-4C39-9D26-5293AEFB7F53}.Release|Any CPU.ActiveCfg = Release|Any CPU
		{8CD301B4-603C-4C39-9D26-5293AEFB7F53}.Release|Any CPU.Build.0 = Release|Any CPU
		{644B41D5-7AA1-4A3A-B095-08B891B0CBC3}.Debug|Any CPU.ActiveCfg = Debug|Any CPU
		{644B41D5-7AA1-4A3A-B095-08B891B0CBC3}.Debug|Any CPU.Build.0 = Debug|Any CPU
		{644B41D5-7AA1-4A3A-B095-08B891B0CBC3}.Release|Any CPU.ActiveCfg = Release|Any CPU
		{644B41D5-7AA1-4A3A-B095-08B891B0CBC3}.Release|Any CPU.Build.0 = Release|Any CPU
		{84EC3BF7-5F44-4DC8-AE9C-C7E52660FE23}.Debug|Any CPU.ActiveCfg = Debug|Any CPU
		{84EC3BF7-5F44-4DC8-AE9C-C7E52660FE23}.Debug|Any CPU.Build.0 = Debug|Any CPU
		{84EC3BF7-5F44-4DC8-AE9C-C7E52660FE23}.Release|Any CPU.ActiveCfg = Release|Any CPU
		{84EC3BF7-5F44-4DC8-AE9C-C7E52660FE23}.Release|Any CPU.Build.0 = Release|Any CPU
		{3EEE4887-3722-4FB2-9272-20593B5D9991}.Debug|Any CPU.ActiveCfg = Debug|Any CPU
		{3EEE4887-3722-4FB2-9272-20593B5D9991}.Debug|Any CPU.Build.0 = Debug|Any CPU
		{3EEE4887-3722-4FB2-9272-20593B5D9991}.Release|Any CPU.ActiveCfg = Release|Any CPU
		{3EEE4887-3722-4FB2-9272-20593B5D9991}.Release|Any CPU.Build.0 = Release|Any CPU
		{8082F9F3-7492-461C-8280-594AC851B2F6}.Debug|Any CPU.ActiveCfg = Debug|Any CPU
		{8082F9F3-7492-461C-8280-594AC851B2F6}.Debug|Any CPU.Build.0 = Debug|Any CPU
		{8082F9F3-7492-461C-8280-594AC851B2F6}.Release|Any CPU.ActiveCfg = Release|Any CPU
		{8082F9F3-7492-461C-8280-594AC851B2F6}.Release|Any CPU.Build.0 = Release|Any CPU
		{48B2976F-7DA0-4F70-BA69-67E24355E059}.Debug|Any CPU.ActiveCfg = Debug|Any CPU
		{48B2976F-7DA0-4F70-BA69-67E24355E059}.Debug|Any CPU.Build.0 = Debug|Any CPU
		{48B2976F-7DA0-4F70-BA69-67E24355E059}.Release|Any CPU.ActiveCfg = Release|Any CPU
		{48B2976F-7DA0-4F70-BA69-67E24355E059}.Release|Any CPU.Build.0 = Release|Any CPU
	EndGlobalSection
EndGlobal
