
Microsoft Visual Studio Solution File, Format Version 12.00
Project("{FAE04EC0-301F-11D3-BF4B-00C04F79EFBC}") = "ConsoleApp_3", "ConsoleApp_3.csproj", "{D2076DB2-2D90-42AE-A844-4A184A87683B}"
EndProject
Global
	GlobalSection(SolutionConfigurationPlatforms) = preSolution
		Debug|Any CPU = Debug|Any CPU
		Release|Any CPU = Release|Any CPU
	EndGlobalSection
	GlobalSection(ProjectConfigurationPlatforms) = postSolution
		{D2076DB2-2D90-42AE-A844-4A184A87683B}.Debug|Any CPU.ActiveCfg = Debug|Any CPU
		{D2076DB2-2D90-42AE-A844-4A184A87683B}.Debug|Any CPU.Build.0 = Debug|Any CPU
		{D2076DB2-2D90-42AE-A844-4A184A87683B}.Release|Any CPU.ActiveCfg = Release|Any CPU
		{D2076DB2-2D90-42AE-A844-4A184A87683B}.Release|Any CPU.Build.0 = Release|Any CPU
	EndGlobalSection
EndGlobal
