
Microsoft Visual Studio Solution File, Format Version 12.00
# Visual Studio Version 17
VisualStudioVersion = 17.9.34723.18
MinimumVisualStudioVersion = 10.0.40219.1
Project("{9A19103F-16F7-4668-BE54-9A1E7A4F7556}") = "ConsoleApp_1", "Sources\ConsoleApp_1\ConsoleApp_1.csproj", "{B5E28659-959D-494E-BAC2-36B0DE0CDE31}"
EndProject
Project("{9A19103F-16F7-4668-BE54-9A1E7A4F7556}") = "ConsoleApp_2", "Sources\ConsoleApp_2\ConsoleApp_2.csproj", "{F66ED38D-29CF-4BA2-B9DD-411CF2862BEA}"
EndProject
Project("{9A19103F-16F7-4668-BE54-9A1E7A4F7556}") = "ConsoleApp_3", "Sources\ConsoleApp_3\ConsoleApp_3.csproj", "{DBC2DFBD-26FC-4613-863B-66F1BD16DC03}"
EndProject
Project("{9A19103F-16F7-4668-BE54-9A1E7A4F7556}") = "ConsoleApp_4", "Sources\ConsoleApp_4\ConsoleApp_4.csproj", "{F6BC3D67-D865-45BA-BD22-E492C4C80610}"
EndProject
Project("{9A19103F-16F7-4668-BE54-9A1E7A4F7556}") = "ConsoleApp_5", "Sources\ConsoleApp_5\ConsoleApp_5.csproj", "{5C284EC9-52CA-4F4F-B50A-8FFD6E65C6BE}"
EndProject
Project("{FAE04EC0-301F-11D3-BF4B-00C04F79EFBC}") = "ConsoleApp_6", "Sources\ConsoleApp_6\ConsoleApp_6.csproj", "{41E0B837-798D-476F-A921-5CF67AE8EC87}"
EndProject
Project("{FAE04EC0-301F-11D3-BF4B-00C04F79EFBC}") = "ConsoleApp_7", "Sources\ConsoleApp_7\ConsoleApp_7.csproj", "{3E74B78C-332C-474D-9979-997D4793164A}"
EndProject
Project("{FAE04EC0-301F-11D3-BF4B-00C04F79EFBC}") = "ConsoleApp_8", "Sources\ConsoleApp_8\ConsoleApp_8.csproj", "{92E4FC28-4169-4440-AA74-6CA3845EB1FA}"
EndProject
Project("{FAE04EC0-301F-11D3-BF4B-00C04F79EFBC}") = "ConsoleApp_9", "Sources\ConsoleApp_9\ConsoleApp_9.csproj", "{72A637F5-C521-4DBE-B90F-FD71E32FAC1C}"
EndProject
Project("{FAE04EC0-301F-11D3-BF4B-00C04F79EFBC}") = "ConsoleApp_10", "Sources\ConsoleApp_10\ConsoleApp_10.csproj", "{7FED5AFB-A041-4801-A8EE-C1F54C6D2675}"
EndProject
Project("{FAE04EC0-301F-11D3-BF4B-00C04F79EFBC}") = "ConsoleApp_11", "Sources\ConsoleApp_11\ConsoleApp_11.csproj", "{94331964-908A-416C-B7BA-CCC5BDB6FD7A}"
EndProject
Project("{FAE04EC0-301F-11D3-BF4B-00C04F79EFBC}") = "ConsoleApp_12", "Sources\ConsoleApp_12\ConsoleApp_12.csproj", "{0CADF08E-7C15-4072-8476-A22FEDCC9F6D}"
EndProject
Project("{FAE04EC0-301F-11D3-BF4B-00C04F79EFBC}") = "ConsoleApp_13", "Sources\ConsoleApp_13\ConsoleApp_13.csproj", "{B90A49DA-B552-4CD3-9720-F2ADB0D7F94A}"
EndProject
Project("{FAE04EC0-301F-11D3-BF4B-00C04F79EFBC}") = "ConsoleApp_14", "Sources\ConsoleApp_14\ConsoleApp_14.csproj", "{9E5A5B23-B6D1-47A3-B8EF-997E77B77FF0}"
EndProject
Project("{FAE04EC0-301F-11D3-BF4B-00C04F79EFBC}") = "ConsoleApp_15", "Sources\ConsoleApp_15\ConsoleApp_15.csproj", "{A8285F76-DEF9-4F1D-B65B-9673335A5F70}"
EndProject
Project("{FAE04EC0-301F-11D3-BF4B-00C04F79EFBC}") = "ConsoleApp_16", "Sources\ConsoleApp_16\ConsoleApp_16.csproj", "{7A7FF643-9875-4FE1-9628-C8C9749281E1}"
EndProject
Project("{FAE04EC0-301F-11D3-BF4B-00C04F79EFBC}") = "ConsoleApp_17", "Sources\ConsoleApp_17\ConsoleApp_17.csproj", "{84DBD825-6482-49F7-A21A-4A70DFD0767F}"
EndProject
Project("{FAE04EC0-301F-11D3-BF4B-00C04F79EFBC}") = "ConsoleApp_18", "Sources\ConsoleApp_18\ConsoleApp_18.csproj", "{B71C639A-27ED-4332-B5CD-B1637834EE01}"
EndProject
Project("{FAE04EC0-301F-11D3-BF4B-00C04F79EFBC}") = "ConsoleApp_19", "Sources\ConsoleApp_19\ConsoleApp_19.csproj", "{D6CD6A33-5435-474F-B9DB-938ABF23AF26}"
EndProject
Project("{FAE04EC0-301F-11D3-BF4B-00C04F79EFBC}") = "ConsoleApp_20", "Sources\ConsoleApp_20\ConsoleApp_20.csproj", "{C4706872-7098-4A60-AA86-D78C3E8D9D32}"
EndProject
Project("{FAE04EC0-301F-11D3-BF4B-00C04F79EFBC}") = "ConsoleApp_21", "Sources\ConsoleApp_21\ConsoleApp_21.csproj", "{EC7524C7-FF01-4638-982F-84465E65872D}"
EndProject
Project("{FAE04EC0-301F-11D3-BF4B-00C04F79EFBC}") = "ConsoleApp_24", "Sources\ConsoleApp_24\ConsoleApp_24.csproj", "{147D9379-3990-4E69-B35E-44A6F2227751}"
EndProject
Project("{FAE04EC0-301F-11D3-BF4B-00C04F79EFBC}") = "ConsoleApp_26", "Sources\ConsoleApp_26\ConsoleApp_26.csproj", "{74A8E6B6-6131-442D-A5E7-DCA602E468A2}"
EndProject
Global
	GlobalSection(SolutionConfigurationPlatforms) = preSolution
		Debug|Any CPU = Debug|Any CPU
		Release|Any CPU = Release|Any CPU
	EndGlobalSection
	GlobalSection(ProjectConfigurationPlatforms) = postSolution
		{B5E28659-959D-494E-BAC2-36B0DE0CDE31}.Debug|Any CPU.ActiveCfg = Debug|Any CPU
		{B5E28659-959D-494E-BAC2-36B0DE0CDE31}.Debug|Any CPU.Build.0 = Debug|Any CPU
		{B5E28659-959D-494E-BAC2-36B0DE0CDE31}.Release|Any CPU.ActiveCfg = Release|Any CPU
		{B5E28659-959D-494E-BAC2-36B0DE0CDE31}.Release|Any CPU.Build.0 = Release|Any CPU
		{F66ED38D-29CF-4BA2-B9DD-411CF2862BEA}.Debug|Any CPU.ActiveCfg = Debug|Any CPU
		{F66ED38D-29CF-4BA2-B9DD-411CF2862BEA}.Debug|Any CPU.Build.0 = Debug|Any CPU
		{F66ED38D-29CF-4BA2-B9DD-411CF2862BEA}.Release|Any CPU.ActiveCfg = Release|Any CPU
		{F66ED38D-29CF-4BA2-B9DD-411CF2862BEA}.Release|Any CPU.Build.0 = Release|Any CPU
		{DBC2DFBD-26FC-4613-863B-66F1BD16DC03}.Debug|Any CPU.ActiveCfg = Debug|Any CPU
		{DBC2DFBD-26FC-4613-863B-66F1BD16DC03}.Debug|Any CPU.Build.0 = Debug|Any CPU
		{DBC2DFBD-26FC-4613-863B-66F1BD16DC03}.Release|Any CPU.ActiveCfg = Release|Any CPU
		{DBC2DFBD-26FC-4613-863B-66F1BD16DC03}.Release|Any CPU.Build.0 = Release|Any CPU
		{F6BC3D67-D865-45BA-BD22-E492C4C80610}.Debug|Any CPU.ActiveCfg = Debug|Any CPU
		{F6BC3D67-D865-45BA-BD22-E492C4C80610}.Debug|Any CPU.Build.0 = Debug|Any CPU
		{F6BC3D67-D865-45BA-BD22-E492C4C80610}.Release|Any CPU.ActiveCfg = Release|Any CPU
		{F6BC3D67-D865-45BA-BD22-E492C4C80610}.Release|Any CPU.Build.0 = Release|Any CPU
		{5C284EC9-52CA-4F4F-B50A-8FFD6E65C6BE}.Debug|Any CPU.ActiveCfg = Debug|Any CPU
		{5C284EC9-52CA-4F4F-B50A-8FFD6E65C6BE}.Debug|Any CPU.Build.0 = Debug|Any CPU
		{5C284EC9-52CA-4F4F-B50A-8FFD6E65C6BE}.Release|Any CPU.ActiveCfg = Release|Any CPU
		{5C284EC9-52CA-4F4F-B50A-8FFD6E65C6BE}.Release|Any CPU.Build.0 = Release|Any CPU
		{41E0B837-798D-476F-A921-5CF67AE8EC87}.Debug|Any CPU.ActiveCfg = Debug|Any CPU
		{41E0B837-798D-476F-A921-5CF67AE8EC87}.Debug|Any CPU.Build.0 = Debug|Any CPU
		{41E0B837-798D-476F-A921-5CF67AE8EC87}.Release|Any CPU.ActiveCfg = Release|Any CPU
		{41E0B837-798D-476F-A921-5CF67AE8EC87}.Release|Any CPU.Build.0 = Release|Any CPU
		{3E74B78C-332C-474D-9979-997D4793164A}.Debug|Any CPU.ActiveCfg = Debug|Any CPU
		{3E74B78C-332C-474D-9979-997D4793164A}.Debug|Any CPU.Build.0 = Debug|Any CPU
		{3E74B78C-332C-474D-9979-997D4793164A}.Release|Any CPU.ActiveCfg = Release|Any CPU
		{3E74B78C-332C-474D-9979-997D4793164A}.Release|Any CPU.Build.0 = Release|Any CPU
		{92E4FC28-4169-4440-AA74-6CA3845EB1FA}.Debug|Any CPU.ActiveCfg = Debug|Any CPU
		{92E4FC28-4169-4440-AA74-6CA3845EB1FA}.Debug|Any CPU.Build.0 = Debug|Any CPU
		{92E4FC28-4169-4440-AA74-6CA3845EB1FA}.Release|Any CPU.ActiveCfg = Release|Any CPU
		{92E4FC28-4169-4440-AA74-6CA3845EB1FA}.Release|Any CPU.Build.0 = Release|Any CPU
		{72A637F5-C521-4DBE-B90F-FD71E32FAC1C}.Debug|Any CPU.ActiveCfg = Debug|Any CPU
		{72A637F5-C521-4DBE-B90F-FD71E32FAC1C}.Debug|Any CPU.Build.0 = Debug|Any CPU
		{72A637F5-C521-4DBE-B90F-FD71E32FAC1C}.Release|Any CPU.ActiveCfg = Release|Any CPU
		{72A637F5-C521-4DBE-B90F-FD71E32FAC1C}.Release|Any CPU.Build.0 = Release|Any CPU
		{7FED5AFB-A041-4801-A8EE-C1F54C6D2675}.Debug|Any CPU.ActiveCfg = Debug|Any CPU
		{7FED5AFB-A041-4801-A8EE-C1F54C6D2675}.Debug|Any CPU.Build.0 = Debug|Any CPU
		{7FED5AFB-A041-4801-A8EE-C1F54C6D2675}.Release|Any CPU.ActiveCfg = Release|Any CPU
		{7FED5AFB-A041-4801-A8EE-C1F54C6D2675}.Release|Any CPU.Build.0 = Release|Any CPU
		{94331964-908A-416C-B7BA-CCC5BDB6FD7A}.Debug|Any CPU.ActiveCfg = Debug|Any CPU
		{94331964-908A-416C-B7BA-CCC5BDB6FD7A}.Debug|Any CPU.Build.0 = Debug|Any CPU
		{94331964-908A-416C-B7BA-CCC5BDB6FD7A}.Release|Any CPU.ActiveCfg = Release|Any CPU
		{94331964-908A-416C-B7BA-CCC5BDB6FD7A}.Release|Any CPU.Build.0 = Release|Any CPU
		{0CADF08E-7C15-4072-8476-A22FEDCC9F6D}.Debug|Any CPU.ActiveCfg = Debug|Any CPU
		{0CADF08E-7C15-4072-8476-A22FEDCC9F6D}.Debug|Any CPU.Build.0 = Debug|Any CPU
		{0CADF08E-7C15-4072-8476-A22FEDCC9F6D}.Release|Any CPU.ActiveCfg = Release|Any CPU
		{0CADF08E-7C15-4072-8476-A22FEDCC9F6D}.Release|Any CPU.Build.0 = Release|Any CPU
		{B90A49DA-B552-4CD3-9720-F2ADB0D7F94A}.Debug|Any CPU.ActiveCfg = Debug|Any CPU
		{B90A49DA-B552-4CD3-9720-F2ADB0D7F94A}.Debug|Any CPU.Build.0 = Debug|Any CPU
		{B90A49DA-B552-4CD3-9720-F2ADB0D7F94A}.Release|Any CPU.ActiveCfg = Release|Any CPU
		{B90A49DA-B552-4CD3-9720-F2ADB0D7F94A}.Release|Any CPU.Build.0 = Release|Any CPU
		{9E5A5B23-B6D1-47A3-B8EF-997E77B77FF0}.Debug|Any CPU.ActiveCfg = Debug|Any CPU
		{9E5A5B23-B6D1-47A3-B8EF-997E77B77FF0}.Debug|Any CPU.Build.0 = Debug|Any CPU
		{9E5A5B23-B6D1-47A3-B8EF-997E77B77FF0}.Release|Any CPU.ActiveCfg = Release|Any CPU
		{9E5A5B23-B6D1-47A3-B8EF-997E77B77FF0}.Release|Any CPU.Build.0 = Release|Any CPU
		{A8285F76-DEF9-4F1D-B65B-9673335A5F70}.Debug|Any CPU.ActiveCfg = Debug|Any CPU
		{A8285F76-DEF9-4F1D-B65B-9673335A5F70}.Debug|Any CPU.Build.0 = Debug|Any CPU
		{A8285F76-DEF9-4F1D-B65B-9673335A5F70}.Release|Any CPU.ActiveCfg = Release|Any CPU
		{A8285F76-DEF9-4F1D-B65B-9673335A5F70}.Release|Any CPU.Build.0 = Release|Any CPU
		{7A7FF643-9875-4FE1-9628-C8C9749281E1}.Debug|Any CPU.ActiveCfg = Debug|Any CPU
		{7A7FF643-9875-4FE1-9628-C8C9749281E1}.Debug|Any CPU.Build.0 = Debug|Any CPU
		{7A7FF643-9875-4FE1-9628-C8C9749281E1}.Release|Any CPU.ActiveCfg = Release|Any CPU
		{7A7FF643-9875-4FE1-9628-C8C9749281E1}.Release|Any CPU.Build.0 = Release|Any CPU
		{84DBD825-6482-49F7-A21A-4A70DFD0767F}.Debug|Any CPU.ActiveCfg = Debug|Any CPU
		{84DBD825-6482-49F7-A21A-4A70DFD0767F}.Debug|Any CPU.Build.0 = Debug|Any CPU
		{84DBD825-6482-49F7-A21A-4A70DFD0767F}.Release|Any CPU.ActiveCfg = Release|Any CPU
		{84DBD825-6482-49F7-A21A-4A70DFD0767F}.Release|Any CPU.Build.0 = Release|Any CPU
		{B71C639A-27ED-4332-B5CD-B1637834EE01}.Debug|Any CPU.ActiveCfg = Debug|Any CPU
		{B71C639A-27ED-4332-B5CD-B1637834EE01}.Debug|Any CPU.Build.0 = Debug|Any CPU
		{B71C639A-27ED-4332-B5CD-B1637834EE01}.Release|Any CPU.ActiveCfg = Release|Any CPU
		{B71C639A-27ED-4332-B5CD-B1637834EE01}.Release|Any CPU.Build.0 = Release|Any CPU
		{D6CD6A33-5435-474F-B9DB-938ABF23AF26}.Debug|Any CPU.ActiveCfg = Debug|Any CPU
		{D6CD6A33-5435-474F-B9DB-938ABF23AF26}.Debug|Any CPU.Build.0 = Debug|Any CPU
		{D6CD6A33-5435-474F-B9DB-938ABF23AF26}.Release|Any CPU.ActiveCfg = Release|Any CPU
		{D6CD6A33-5435-474F-B9DB-938ABF23AF26}.Release|Any CPU.Build.0 = Release|Any CPU
		{C4706872-7098-4A60-AA86-D78C3E8D9D32}.Debug|Any CPU.ActiveCfg = Debug|Any CPU
		{C4706872-7098-4A60-AA86-D78C3E8D9D32}.Debug|Any CPU.Build.0 = Debug|Any CPU
		{C4706872-7098-4A60-AA86-D78C3E8D9D32}.Release|Any CPU.ActiveCfg = Release|Any CPU
		{C4706872-7098-4A60-AA86-D78C3E8D9D32}.Release|Any CPU.Build.0 = Release|Any CPU
		{EC7524C7-FF01-4638-982F-84465E65872D}.Debug|Any CPU.ActiveCfg = Debug|Any CPU
		{EC7524C7-FF01-4638-982F-84465E65872D}.Debug|Any CPU.Build.0 = Debug|Any CPU
		{EC7524C7-FF01-4638-982F-84465E65872D}.Release|Any CPU.ActiveCfg = Release|Any CPU
		{EC7524C7-FF01-4638-982F-84465E65872D}.Release|Any CPU.Build.0 = Release|Any CPU
		{147D9379-3990-4E69-B35E-44A6F2227751}.Debug|Any CPU.ActiveCfg = Debug|Any CPU
		{147D9379-3990-4E69-B35E-44A6F2227751}.Debug|Any CPU.Build.0 = Debug|Any CPU
		{147D9379-3990-4E69-B35E-44A6F2227751}.Release|Any CPU.ActiveCfg = Release|Any CPU
		{147D9379-3990-4E69-B35E-44A6F2227751}.Release|Any CPU.Build.0 = Release|Any CPU
		{74A8E6B6-6131-442D-A5E7-DCA602E468A2}.Debug|Any CPU.ActiveCfg = Debug|Any CPU
		{74A8E6B6-6131-442D-A5E7-DCA602E468A2}.Debug|Any CPU.Build.0 = Debug|Any CPU
		{74A8E6B6-6131-442D-A5E7-DCA602E468A2}.Release|Any CPU.ActiveCfg = Release|Any CPU
		{74A8E6B6-6131-442D-A5E7-DCA602E468A2}.Release|Any CPU.Build.0 = Release|Any CPU
	EndGlobalSection
	GlobalSection(SolutionProperties) = preSolution
		HideSolutionNode = FALSE
	EndGlobalSection
	GlobalSection(ExtensibilityGlobals) = postSolution
		SolutionGuid = {68D8C77E-6300-4230-9D64-0CC687F11283}
	EndGlobalSection
EndGlobal
