
Microsoft Visual Studio Solution File, Format Version 12.00
Project("{FAE04EC0-301F-11D3-BF4B-00C04F79EFBC}") = "ConsoleApp_1", "ConsoleApp_1\ConsoleApp_1.csproj", "{15F5FAAB-C527-4393-8D61-07096037701D}"
EndProject
Project("{FAE04EC0-301F-11D3-BF4B-00C04F79EFBC}") = "ConsoleApp_3", "ConsoleApp_3\ConsoleApp_3.csproj", "{FEE5D316-F5E7-4687-AB6D-4F832EB3299E}"
EndProject
Project("{FAE04EC0-301F-11D3-BF4B-00C04F79EFBC}") = "ConsoleApp_5", "ConsoleApp_5\ConsoleApp_5.csproj", "{B68D6941-6C36-4636-848B-19BE2D810F92}"
EndProject
Project("{FAE04EC0-301F-11D3-BF4B-00C04F79EFBC}") = "ConsoleApp_7", "ConsoleApp_7\ConsoleApp_7.csproj", "{300C8ED2-354B-41EF-8F54-47961791C18A}"
EndProject
Project("{FAE04EC0-301F-11D3-BF4B-00C04F79EFBC}") = "ConsoleApp_9", "ConsoleApp_9\ConsoleApp_9.csproj", "{517ECA97-E438-4553-B204-D7AF3D17C429}"
EndProject
Project("{FAE04EC0-301F-11D3-BF4B-00C04F79EFBC}") = "ConsoleApp_11", "ConsoleApp_11\ConsoleApp_11.csproj", "{F8F532B7-6FEB-4B53-833B-CEAD50243238}"
EndProject
Project("{FAE04EC0-301F-11D3-BF4B-00C04F79EFBC}") = "ConsoleApp_13", "ConsoleApp_13\ConsoleApp_13.csproj", "{1E9FC75A-60D7-4E5F-8351-4FA04EF5D5EF}"
EndProject
Project("{FAE04EC0-301F-11D3-BF4B-00C04F79EFBC}") = "ConsoleApp_15", "ConsoleApp_15\ConsoleApp_15.csproj", "{11684CAA-6300-4DE6-B670-9033B66EB436}"
EndProject
Project("{FAE04EC0-301F-11D3-BF4B-00C04F79EFBC}") = "ConsoleApp_17", "ConsoleApp_17\ConsoleApp_17.csproj", "{26048265-5A6F-4D39-A75F-C30D787FE992}"
EndProject
Project("{FAE04EC0-301F-11D3-BF4B-00C04F79EFBC}") = "ConsoleApp_16", "ConsoleApp_16\ConsoleApp_16.csproj", "{C090290C-FCD3-4898-A5DE-72F0F576D087}"
EndProject
Project("{FAE04EC0-301F-11D3-BF4B-00C04F79EFBC}") = "ConsoleApp_18", "ConsoleApp_18\ConsoleApp_18.csproj", "{D0FFE3D7-F69B-447E-9E9A-19097E41099A}"
EndProject
Global
	GlobalSection(SolutionConfigurationPlatforms) = preSolution
		Debug|Any CPU = Debug|Any CPU
		Release|Any CPU = Release|Any CPU
	EndGlobalSection
	GlobalSection(ProjectConfigurationPlatforms) = postSolution
		{15F5FAAB-C527-4393-8D61-07096037701D}.Debug|Any CPU.ActiveCfg = Debug|Any CPU
		{15F5FAAB-C527-4393-8D61-07096037701D}.Debug|Any CPU.Build.0 = Debug|Any CPU
		{15F5FAAB-C527-4393-8D61-07096037701D}.Release|Any CPU.ActiveCfg = Release|Any CPU
		{15F5FAAB-C527-4393-8D61-07096037701D}.Release|Any CPU.Build.0 = Release|Any CPU
		{FEE5D316-F5E7-4687-AB6D-4F832EB3299E}.Debug|Any CPU.ActiveCfg = Debug|Any CPU
		{FEE5D316-F5E7-4687-AB6D-4F832EB3299E}.Debug|Any CPU.Build.0 = Debug|Any CPU
		{FEE5D316-F5E7-4687-AB6D-4F832EB3299E}.Release|Any CPU.ActiveCfg = Release|Any CPU
		{FEE5D316-F5E7-4687-AB6D-4F832EB3299E}.Release|Any CPU.Build.0 = Release|Any CPU
		{B68D6941-6C36-4636-848B-19BE2D810F92}.Debug|Any CPU.ActiveCfg = Debug|Any CPU
		{B68D6941-6C36-4636-848B-19BE2D810F92}.Debug|Any CPU.Build.0 = Debug|Any CPU
		{B68D6941-6C36-4636-848B-19BE2D810F92}.Release|Any CPU.ActiveCfg = Release|Any CPU
		{B68D6941-6C36-4636-848B-19BE2D810F92}.Release|Any CPU.Build.0 = Release|Any CPU
		{300C8ED2-354B-41EF-8F54-47961791C18A}.Debug|Any CPU.ActiveCfg = Debug|Any CPU
		{300C8ED2-354B-41EF-8F54-47961791C18A}.Debug|Any CPU.Build.0 = Debug|Any CPU
		{300C8ED2-354B-41EF-8F54-47961791C18A}.Release|Any CPU.ActiveCfg = Release|Any CPU
		{300C8ED2-354B-41EF-8F54-47961791C18A}.Release|Any CPU.Build.0 = Release|Any CPU
		{517ECA97-E438-4553-B204-D7AF3D17C429}.Debug|Any CPU.ActiveCfg = Debug|Any CPU
		{517ECA97-E438-4553-B204-D7AF3D17C429}.Debug|Any CPU.Build.0 = Debug|Any CPU
		{517ECA97-E438-4553-B204-D7AF3D17C429}.Release|Any CPU.ActiveCfg = Release|Any CPU
		{517ECA97-E438-4553-B204-D7AF3D17C429}.Release|Any CPU.Build.0 = Release|Any CPU
		{F8F532B7-6FEB-4B53-833B-CEAD50243238}.Debug|Any CPU.ActiveCfg = Debug|Any CPU
		{F8F532B7-6FEB-4B53-833B-CEAD50243238}.Debug|Any CPU.Build.0 = Debug|Any CPU
		{F8F532B7-6FEB-4B53-833B-CEAD50243238}.Release|Any CPU.ActiveCfg = Release|Any CPU
		{F8F532B7-6FEB-4B53-833B-CEAD50243238}.Release|Any CPU.Build.0 = Release|Any CPU
		{1E9FC75A-60D7-4E5F-8351-4FA04EF5D5EF}.Debug|Any CPU.ActiveCfg = Debug|Any CPU
		{1E9FC75A-60D7-4E5F-8351-4FA04EF5D5EF}.Debug|Any CPU.Build.0 = Debug|Any CPU
		{1E9FC75A-60D7-4E5F-8351-4FA04EF5D5EF}.Release|Any CPU.ActiveCfg = Release|Any CPU
		{1E9FC75A-60D7-4E5F-8351-4FA04EF5D5EF}.Release|Any CPU.Build.0 = Release|Any CPU
		{11684CAA-6300-4DE6-B670-9033B66EB436}.Debug|Any CPU.ActiveCfg = Debug|Any CPU
		{11684CAA-6300-4DE6-B670-9033B66EB436}.Debug|Any CPU.Build.0 = Debug|Any CPU
		{11684CAA-6300-4DE6-B670-9033B66EB436}.Release|Any CPU.ActiveCfg = Release|Any CPU
		{11684CAA-6300-4DE6-B670-9033B66EB436}.Release|Any CPU.Build.0 = Release|Any CPU
		{26048265-5A6F-4D39-A75F-C30D787FE992}.Debug|Any CPU.ActiveCfg = Debug|Any CPU
		{26048265-5A6F-4D39-A75F-C30D787FE992}.Debug|Any CPU.Build.0 = Debug|Any CPU
		{26048265-5A6F-4D39-A75F-C30D787FE992}.Release|Any CPU.ActiveCfg = Release|Any CPU
		{26048265-5A6F-4D39-A75F-C30D787FE992}.Release|Any CPU.Build.0 = Release|Any CPU
		{C090290C-FCD3-4898-A5DE-72F0F576D087}.Debug|Any CPU.ActiveCfg = Debug|Any CPU
		{C090290C-FCD3-4898-A5DE-72F0F576D087}.Debug|Any CPU.Build.0 = Debug|Any CPU
		{C090290C-FCD3-4898-A5DE-72F0F576D087}.Release|Any CPU.ActiveCfg = Release|Any CPU
		{C090290C-FCD3-4898-A5DE-72F0F576D087}.Release|Any CPU.Build.0 = Release|Any CPU
		{D0FFE3D7-F69B-447E-9E9A-19097E41099A}.Debug|Any CPU.ActiveCfg = Debug|Any CPU
		{D0FFE3D7-F69B-447E-9E9A-19097E41099A}.Debug|Any CPU.Build.0 = Debug|Any CPU
		{D0FFE3D7-F69B-447E-9E9A-19097E41099A}.Release|Any CPU.ActiveCfg = Release|Any CPU
		{D0FFE3D7-F69B-447E-9E9A-19097E41099A}.Release|Any CPU.Build.0 = Release|Any CPU
	EndGlobalSection
EndGlobal
