
Microsoft Visual Studio Solution File, Format Version 12.00
Project("{FAE04EC0-301F-11D3-BF4B-00C04F79EFBC}") = "ConsoleApp_1", "ConsoleApp_1.csproj", "{5F99F94A-E18F-43B9-A091-5DAFBEFDB3BD}"
EndProject
Global
	GlobalSection(SolutionConfigurationPlatforms) = preSolution
		Debug|Any CPU = Debug|Any CPU
		Release|Any CPU = Release|Any CPU
	EndGlobalSection
	GlobalSection(ProjectConfigurationPlatforms) = postSolution
		{5F99F94A-E18F-43B9-A091-5DAFBEFDB3BD}.Debug|Any CPU.ActiveCfg = Debug|Any CPU
		{5F99F94A-E18F-43B9-A091-5DAFBEFDB3BD}.Debug|Any CPU.Build.0 = Debug|Any CPU
		{5F99F94A-E18F-43B9-A091-5DAFBEFDB3BD}.Release|Any CPU.ActiveCfg = Release|Any CPU
		{5F99F94A-E18F-43B9-A091-5DAFBEFDB3BD}.Release|Any CPU.Build.0 = Release|Any CPU
	EndGlobalSection
EndGlobal
